
Microsoft Visual Studio Solution File, Format Version 12.00
# Visual Studio Version 16
VisualStudioVersion = 16.0.34407.143
MinimumVisualStudioVersion = 10.0.40219.1
Project("{8BC9CEB8-8B4A-11D0-8D11-00A0C91BC942}") = "lesson39", "lesson39\lesson39.vcxproj", "{6059FE4A-45DB-4071-AE41-8889D849E65D}"
EndProject
Global
	GlobalSection(SolutionConfigurationPlatforms) = preSolution
		Debug|x64 = Debug|x64
		Debug|x86 = Debug|x86
		Release|x64 = Release|x64
		Release|x86 = Release|x86
	EndGlobalSection
	GlobalSection(ProjectConfigurationPlatforms) = postSolution
		{6059FE4A-45DB-4071-AE41-8889D849E65D}.Debug|x64.ActiveCfg = Debug|x64
		{6059FE4A-45DB-4071-AE41-8889D849E65D}.Debug|x64.Build.0 = Debug|x64
		{6059FE4A-45DB-4071-AE41-8889D849E65D}.Debug|x86.ActiveCfg = Debug|Win32
		{6059FE4A-45DB-4071-AE41-8889D849E65D}.Debug|x86.Build.0 = Debug|Win32
		{6059FE4A-45DB-4071-AE41-8889D849E65D}.Release|x64.ActiveCfg = Release|x64
		{6059FE4A-45DB-4071-AE41-8889D849E65D}.Release|x64.Build.0 = Release|x64
		{6059FE4A-45DB-4071-AE41-8889D849E65D}.Release|x86.ActiveCfg = Release|Win32
		{6059FE4A-45DB-4071-AE41-8889D849E65D}.Release|x86.Build.0 = Release|Win32
	EndGlobalSection
	GlobalSection(SolutionProperties) = preSolution
		HideSolutionNode = FALSE
	EndGlobalSection
	GlobalSection(ExtensibilityGlobals) = postSolution
		SolutionGuid = {610693AB-FCCA-45D2-9E7D-DC29EF8F8AA0}
	EndGlobalSection
EndGlobal
